dependencies:
- name: utils
  repository: https://charts.eu-de-2.cloud.sap
  version: 0.3.3
- name: mariadb
  repository: https://charts.eu-de-2.cloud.sap
  version: 0.3.33
- name: mysql_metrics
  repository: https://charts.eu-de-2.cloud.sap
  version: 0.2.3
- name: memcached
  repository: https://charts.eu-de-2.cloud.sap
  version: 0.0.3
- name: rabbitmq
  repository: https://charts.eu-de-2.cloud.sap
  version: 0.2.8
- name: rabbitmq
  repository: https://charts.eu-de-2.cloud.sap
  version: 0.2.8
- name: region_check
  repository: https://charts.eu-de-2.cloud.sap
  version: 0.1.2
- name: redis
  repository: https://charts.eu-de-2.cloud.sap
  version: 1.1.1
digest: sha256:dab04c020374238835ed597e77194d3ff570cc11219e24af6733e246ba250edf
generated: "2022-02-09T16:07:17.542814+01:00"
