dependencies:
- name: mariadb
  repository: https://charts.eu-de-2.cloud.sap
  version: 0.3.33
- name: mariadb
  repository: https://charts.eu-de-2.cloud.sap
  version: 0.3.33
- name: mysql_metrics
  repository: https://charts.eu-de-2.cloud.sap
  version: 0.2.7
- name: rabbitmq
  repository: https://charts.eu-de-2.cloud.sap
  version: 0.2.8
- name: memcached
  repository: https://charts.eu-de-2.cloud.sap
  version: 0.0.5
- name: rabbitmq
  repository: https://charts.eu-de-2.cloud.sap
  version: 0.2.8
- name: utils
  repository: https://charts.eu-de-2.cloud.sap
  version: 0.3.3
- name: mariadb
  repository: https://charts.eu-de-2.cloud.sap
  version: 0.3.33
- name: rabbitmq
  repository: https://charts.eu-de-2.cloud.sap
  version: 0.2.8
- name: region_check
  repository: https://charts.eu-de-2.cloud.sap
  version: 0.1.2
digest: sha256:928886042739f2277cfe529d19efcdb8c71b5b17523a0f4ed06fb5717799c514
generated: "2022-02-09T16:18:51.394035+01:00"
